
Microsoft Visual Studio Solution File, Format Version 12.00
# Visual Studio 15
VisualStudioVersion = 15.0.28307.902
MinimumVisualStudioVersion = 10.0.40219.1
Project("{9A19103F-16F7-4668-BE54-9A1E7A4F7556}") = "Logger", "Logger\Logger.csproj", "{6437427B-D9C0-4334-9B83-D0AC774D76A1}"
EndProject
Project("{2150E333-8FDC-42A3-9474-1A3956D46DE8}") = "1.SOLID", "1.SOLID", "{670DB364-0194-495C-BDEF-6784BE65EBFF}"
EndProject
Project("{2150E333-8FDC-42A3-9474-1A3956D46DE8}") = "2.Generics", "2.Generics", "{BD853AE9-7055-47C9-9F55-C9F950D8AFE8}"
EndProject
Project("{9A19103F-16F7-4668-BE54-9A1E7A4F7556}") = "1.BoxOfT", "1.BoxOfT\1.BoxOfT.csproj", "{D03A760F-144D-4DCB-B4D6-7F4F6D24C110}"
EndProject
Project("{FAE04EC0-301F-11D3-BF4B-00C04F79EFBC}") = "2.GenericArrayCreator", "2.GenericArrayCreator\2.GenericArrayCreator.csproj", "{858E0602-C8D9-4E03-A54B-DA42FD6646C0}"
EndProject
Project("{FAE04EC0-301F-11D3-BF4B-00C04F79EFBC}") = "3.GenericScale", "3.Generic Scale\3.GenericScale.csproj", "{C592A999-D326-4BC8-B202-C803BAEE4F69}"
EndProject
Project("{FAE04EC0-301F-11D3-BF4B-00C04F79EFBC}") = "1.GenericBoxOfString", "1.GenericBoxOfString\1.GenericBoxOfString.csproj", "{91464D88-2BFC-4DB5-A224-32497F05E3B2}"
EndProject
Project("{FAE04EC0-301F-11D3-BF4B-00C04F79EFBC}") = "2.GenericBoxOfInteger", "2.GenericBoxofInteger\2.GenericBoxOfInteger.csproj", "{7F86D4CE-BF34-44A8-840E-135C8B2ED032}"
EndProject
Project("{FAE04EC0-301F-11D3-BF4B-00C04F79EFBC}") = "3.GenericSwapMethodString", "3.GenericSwapMethodString\3.GenericSwapMethodString.csproj", "{47FD9043-78AE-4932-9866-0DFA90C77276}"
EndProject
Project("{FAE04EC0-301F-11D3-BF4B-00C04F79EFBC}") = "4.GenericSwapMethodIntegers", "4.GenericSwapMethodIntegers\4.GenericSwapMethodIntegers.csproj", "{8D101566-E193-4962-A83D-F880B77EF063}"
EndProject
Project("{FAE04EC0-301F-11D3-BF4B-00C04F79EFBC}") = "5.GenericCountMethodStrings", "5.GenericCountMethodStirngs\5.GenericCountMethodStrings.csproj", "{71870C6B-78AD-440A-B7BA-12EAAA6F7F92}"
EndProject
Project("{FAE04EC0-301F-11D3-BF4B-00C04F79EFBC}") = "6.GenericCountMethodDoubles", "5.GenericCountMethodDoubles\6.GenericCountMethodDoubles.csproj", "{8DB611A9-0C35-4670-97EE-600435491434}"
EndProject
Project("{FAE04EC0-301F-11D3-BF4B-00C04F79EFBC}") = "7.CustomList", "7.CustomList\7.CustomList.csproj", "{D0141679-C4A1-4000-A3AF-A49A4BCD31A4}"
EndProject
Global
	GlobalSection(SolutionConfigurationPlatforms) = preSolution
		Debug|Any CPU = Debug|Any CPU
		Release|Any CPU = Release|Any CPU
	EndGlobalSection
	GlobalSection(ProjectConfigurationPlatforms) = postSolution
		{6437427B-D9C0-4334-9B83-D0AC774D76A1}.Debug|Any CPU.ActiveCfg = Debug|Any CPU
		{6437427B-D9C0-4334-9B83-D0AC774D76A1}.Debug|Any CPU.Build.0 = Debug|Any CPU
		{6437427B-D9C0-4334-9B83-D0AC774D76A1}.Release|Any CPU.ActiveCfg = Release|Any CPU
		{6437427B-D9C0-4334-9B83-D0AC774D76A1}.Release|Any CPU.Build.0 = Release|Any CPU
		{D03A760F-144D-4DCB-B4D6-7F4F6D24C110}.Debug|Any CPU.ActiveCfg = Debug|Any CPU
		{D03A760F-144D-4DCB-B4D6-7F4F6D24C110}.Debug|Any CPU.Build.0 = Debug|Any CPU
		{D03A760F-144D-4DCB-B4D6-7F4F6D24C110}.Release|Any CPU.ActiveCfg = Release|Any CPU
		{D03A760F-144D-4DCB-B4D6-7F4F6D24C110}.Release|Any CPU.Build.0 = Release|Any CPU
		{858E0602-C8D9-4E03-A54B-DA42FD6646C0}.Debug|Any CPU.ActiveCfg = Debug|Any CPU
		{858E0602-C8D9-4E03-A54B-DA42FD6646C0}.Debug|Any CPU.Build.0 = Debug|Any CPU
		{858E0602-C8D9-4E03-A54B-DA42FD6646C0}.Release|Any CPU.ActiveCfg = Release|Any CPU
		{858E0602-C8D9-4E03-A54B-DA42FD6646C0}.Release|Any CPU.Build.0 = Release|Any CPU
		{C592A999-D326-4BC8-B202-C803BAEE4F69}.Debug|Any CPU.ActiveCfg = Debug|Any CPU
		{C592A999-D326-4BC8-B202-C803BAEE4F69}.Debug|Any CPU.Build.0 = Debug|Any CPU
		{C592A999-D326-4BC8-B202-C803BAEE4F69}.Release|Any CPU.ActiveCfg = Release|Any CPU
		{C592A999-D326-4BC8-B202-C803BAEE4F69}.Release|Any CPU.Build.0 = Release|Any CPU
		{91464D88-2BFC-4DB5-A224-32497F05E3B2}.Debug|Any CPU.ActiveCfg = Debug|Any CPU
		{91464D88-2BFC-4DB5-A224-32497F05E3B2}.Debug|Any CPU.Build.0 = Debug|Any CPU
		{91464D88-2BFC-4DB5-A224-32497F05E3B2}.Release|Any CPU.ActiveCfg = Release|Any CPU
		{91464D88-2BFC-4DB5-A224-32497F05E3B2}.Release|Any CPU.Build.0 = Release|Any CPU
		{7F86D4CE-BF34-44A8-840E-135C8B2ED032}.Debug|Any CPU.ActiveCfg = Debug|Any CPU
		{7F86D4CE-BF34-44A8-840E-135C8B2ED032}.Debug|Any CPU.Build.0 = Debug|Any CPU
		{7F86D4CE-BF34-44A8-840E-135C8B2ED032}.Release|Any CPU.ActiveCfg = Release|Any CPU
		{7F86D4CE-BF34-44A8-840E-135C8B2ED032}.Release|Any CPU.Build.0 = Release|Any CPU
		{47FD9043-78AE-4932-9866-0DFA90C77276}.Debug|Any CPU.ActiveCfg = Debug|Any CPU
		{47FD9043-78AE-4932-9866-0DFA90C77276}.Debug|Any CPU.Build.0 = Debug|Any CPU
		{47FD9043-78AE-4932-9866-0DFA90C77276}.Release|Any CPU.ActiveCfg = Release|Any CPU
		{47FD9043-78AE-4932-9866-0DFA90C77276}.Release|Any CPU.Build.0 = Release|Any CPU
		{8D101566-E193-4962-A83D-F880B77EF063}.Debug|Any CPU.ActiveCfg = Debug|Any CPU
		{8D101566-E193-4962-A83D-F880B77EF063}.Debug|Any CPU.Build.0 = Debug|Any CPU
		{8D101566-E193-4962-A83D-F880B77EF063}.Release|Any CPU.ActiveCfg = Release|Any CPU
		{8D101566-E193-4962-A83D-F880B77EF063}.Release|Any CPU.Build.0 = Release|Any CPU
		{71870C6B-78AD-440A-B7BA-12EAAA6F7F92}.Debug|Any CPU.ActiveCfg = Debug|Any CPU
		{71870C6B-78AD-440A-B7BA-12EAAA6F7F92}.Debug|Any CPU.Build.0 = Debug|Any CPU
		{71870C6B-78AD-440A-B7BA-12EAAA6F7F92}.Release|Any CPU.ActiveCfg = Release|Any CPU
		{71870C6B-78AD-440A-B7BA-12EAAA6F7F92}.Release|Any CPU.Build.0 = Release|Any CPU
		{8DB611A9-0C35-4670-97EE-600435491434}.Debug|Any CPU.ActiveCfg = Debug|Any CPU
		{8DB611A9-0C35-4670-97EE-600435491434}.Debug|Any CPU.Build.0 = Debug|Any CPU
		{8DB611A9-0C35-4670-97EE-600435491434}.Release|Any CPU.ActiveCfg = Release|Any CPU
		{8DB611A9-0C35-4670-97EE-600435491434}.Release|Any CPU.Build.0 = Release|Any CPU
		{D0141679-C4A1-4000-A3AF-A49A4BCD31A4}.Debug|Any CPU.ActiveCfg = Debug|Any CPU
		{D0141679-C4A1-4000-A3AF-A49A4BCD31A4}.Debug|Any CPU.Build.0 = Debug|Any CPU
		{D0141679-C4A1-4000-A3AF-A49A4BCD31A4}.Release|Any CPU.ActiveCfg = Release|Any CPU
		{D0141679-C4A1-4000-A3AF-A49A4BCD31A4}.Release|Any CPU.Build.0 = Release|Any CPU
	EndGlobalSection
	GlobalSection(SolutionProperties) = preSolution
		HideSolutionNode = FALSE
	EndGlobalSection
	GlobalSection(NestedProjects) = preSolution
		{6437427B-D9C0-4334-9B83-D0AC774D76A1} = {670DB364-0194-495C-BDEF-6784BE65EBFF}
		{D03A760F-144D-4DCB-B4D6-7F4F6D24C110} = {BD853AE9-7055-47C9-9F55-C9F950D8AFE8}
		{858E0602-C8D9-4E03-A54B-DA42FD6646C0} = {BD853AE9-7055-47C9-9F55-C9F950D8AFE8}
		{C592A999-D326-4BC8-B202-C803BAEE4F69} = {BD853AE9-7055-47C9-9F55-C9F950D8AFE8}
		{91464D88-2BFC-4DB5-A224-32497F05E3B2} = {BD853AE9-7055-47C9-9F55-C9F950D8AFE8}
		{7F86D4CE-BF34-44A8-840E-135C8B2ED032} = {BD853AE9-7055-47C9-9F55-C9F950D8AFE8}
		{47FD9043-78AE-4932-9866-0DFA90C77276} = {BD853AE9-7055-47C9-9F55-C9F950D8AFE8}
		{8D101566-E193-4962-A83D-F880B77EF063} = {BD853AE9-7055-47C9-9F55-C9F950D8AFE8}
		{71870C6B-78AD-440A-B7BA-12EAAA6F7F92} = {BD853AE9-7055-47C9-9F55-C9F950D8AFE8}
		{8DB611A9-0C35-4670-97EE-600435491434} = {BD853AE9-7055-47C9-9F55-C9F950D8AFE8}
		{D0141679-C4A1-4000-A3AF-A49A4BCD31A4} = {BD853AE9-7055-47C9-9F55-C9F950D8AFE8}
	EndGlobalSection
	GlobalSection(ExtensibilityGlobals) = postSolution
		SolutionGuid = {17C1DA0E-3D52-4E41-ABA7-32F88DB3951C}
	EndGlobalSection
EndGlobal
